// !$*UTF8*$!
{
	archiveVersion = 1;
	classes = {
	};
	objectVersion = 50;
	objects = {

/* Begin PBXBuildFile section */
		026F896D21B3328E009C66A6 /* LevelRunner.swift in Sources */ = {isa = PBXBuildFile; fileRef = 026F896C21B3328E009C66A6 /* LevelRunner.swift */; };
		100BBE7121FE51FE005A1379 /* CentralLine.mp4 in Resources */ = {isa = PBXBuildFile; fileRef = 100BBE7021FE51FE005A1379 /* CentralLine.mp4 */; };
		100BBE8121FE588F005A1379 /* Nurse.mp4 in Resources */ = {isa = PBXBuildFile; fileRef = 100BBE7321FE5885005A1379 /* Nurse.mp4 */; };
		100BBE8221FE588F005A1379 /* radiation.mp4 in Resources */ = {isa = PBXBuildFile; fileRef = 100BBE7421FE5886005A1379 /* radiation.mp4 */; };
		100BBE8421FE588F005A1379 /* cancer.mp4 in Resources */ = {isa = PBXBuildFile; fileRef = 100BBE7621FE5888005A1379 /* cancer.mp4 */; };
		100BBE8521FE588F005A1379 /* Dietician.mp4 in Resources */ = {isa = PBXBuildFile; fileRef = 100BBE7721FE5889005A1379 /* Dietician.mp4 */; };
		100BBE8621FE588F005A1379 /* pretransplant.mp4 in Resources */ = {isa = PBXBuildFile; fileRef = 100BBE7821FE5889005A1379 /* pretransplant.mp4 */; };
		100BBE8821FE588F005A1379 /* Psychosocial2.mp4 in Resources */ = {isa = PBXBuildFile; fileRef = 100BBE7A21FE588B005A1379 /* Psychosocial2.mp4 */; };
		100BBE8921FE588F005A1379 /* Transplant.mp4 in Resources */ = {isa = PBXBuildFile; fileRef = 100BBE7B21FE588C005A1379 /* Transplant.mp4 */; };
		100BBE8A21FE588F005A1379 /* Childlifespecialist.mp4 in Resources */ = {isa = PBXBuildFile; fileRef = 100BBE7C21FE588D005A1379 /* Childlifespecialist.mp4 */; };
		100BBE8B21FE588F005A1379 /* Psychosocial3.mp4 in Resources */ = {isa = PBXBuildFile; fileRef = 100BBE7D21FE588E005A1379 /* Psychosocial3.mp4 */; };
		100BBE8C21FE588F005A1379 /* Physicaltherapist.mp4 in Resources */ = {isa = PBXBuildFile; fileRef = 100BBE7E21FE588E005A1379 /* Physicaltherapist.mp4 */; };
		100BBE8D21FE588F005A1379 /* Psychosocial1.mp4 in Resources */ = {isa = PBXBuildFile; fileRef = 100BBE7F21FE588F005A1379 /* Psychosocial1.mp4 */; };
		1044E5B921EBF421003EEC1A /* level4.txt in Resources */ = {isa = PBXBuildFile; fileRef = 1044E5B821EBF421003EEC1A /* level4.txt */; };
		1044E5C321EBF48E003EEC1A /* level7.txt in Resources */ = {isa = PBXBuildFile; fileRef = 1044E5BA21EBF48E003EEC1A /* level7.txt */; };
		1044E5C421EBF48E003EEC1A /* level10.txt in Resources */ = {isa = PBXBuildFile; fileRef = 1044E5BB21EBF48E003EEC1A /* level10.txt */; };
		1044E5C521EBF48E003EEC1A /* level9.txt in Resources */ = {isa = PBXBuildFile; fileRef = 1044E5BC21EBF48E003EEC1A /* level9.txt */; };
		1044E5C621EBF48E003EEC1A /* level8.txt in Resources */ = {isa = PBXBuildFile; fileRef = 1044E5BD21EBF48E003EEC1A /* level8.txt */; };
		1044E5C721EBF48E003EEC1A /* level3.txt in Resources */ = {isa = PBXBuildFile; fileRef = 1044E5BE21EBF48E003EEC1A /* level3.txt */; };
		1044E5C821EBF48E003EEC1A /* level12.txt in Resources */ = {isa = PBXBuildFile; fileRef = 1044E5BF21EBF48E003EEC1A /* level12.txt */; };
		1044E5C921EBF48E003EEC1A /* level6.txt in Resources */ = {isa = PBXBuildFile; fileRef = 1044E5C021EBF48E003EEC1A /* level6.txt */; };
		1044E5CA21EBF48E003EEC1A /* level5.txt in Resources */ = {isa = PBXBuildFile; fileRef = 1044E5C121EBF48E003EEC1A /* level5.txt */; };
		1044E5CB21EBF48E003EEC1A /* level11.txt in Resources */ = {isa = PBXBuildFile; fileRef = 1044E5C221EBF48E003EEC1A /* level11.txt */; };
		1044E5CD21EBF5D1003EEC1A /* level14.txt in Resources */ = {isa = PBXBuildFile; fileRef = 1044E5CC21EBF5D1003EEC1A /* level14.txt */; };
		1044E5CF21EBF601003EEC1A /* level13.txt in Resources */ = {isa = PBXBuildFile; fileRef = 1044E5CE21EBF601003EEC1A /* level13.txt */; };
		106DA72321F5679300704477 /* QuizViewController.swift in Sources */ = {isa = PBXBuildFile; fileRef = 106DA72221F5679300704477 /* QuizViewController.swift */; };
		10879C6A21B3063B001D7F0B /* IntroLevelViewController.swift in Sources */ = {isa = PBXBuildFile; fileRef = 10879C6821B3063B001D7F0B /* IntroLevelViewController.swift */; };
		10879C6B21B3063B001D7F0B /* IntroLevelViewController.xib in Resources */ = {isa = PBXBuildFile; fileRef = 10879C6921B3063B001D7F0B /* IntroLevelViewController.xib */; };
		10975B5321A9AB0700C1F573 /* AppDelegate.swift in Sources */ = {isa = PBXBuildFile; fileRef = 10975B5221A9AB0700C1F573 /* AppDelegate.swift */; };
		10975B5521A9AB0700C1F573 /* ViewController.swift in Sources */ = {isa = PBXBuildFile; fileRef = 10975B5421A9AB0700C1F573 /* ViewController.swift */; };
		10975B5821A9AB0700C1F573 /* Main.storyboard in Resources */ = {isa = PBXBuildFile; fileRef = 10975B5621A9AB0700C1F573 /* Main.storyboard */; };
		10975B5A21A9AB0800C1F573 /* Assets.xcassets in Resources */ = {isa = PBXBuildFile; fileRef = 10975B5921A9AB0800C1F573 /* Assets.xcassets */; };
		10975B5D21A9AB0800C1F573 /* LaunchScreen.storyboard in Resources */ = {isa = PBXBuildFile; fileRef = 10975B5B21A9AB0800C1F573 /* LaunchScreen.storyboard */; };
		10975B6821A9AB0800C1F573 /* PrototypeTests.swift in Sources */ = {isa = PBXBuildFile; fileRef = 10975B6721A9AB0800C1F573 /* PrototypeTests.swift */; };
		10975B7321A9AB0800C1F573 /* PrototypeUITests.swift in Sources */ = {isa = PBXBuildFile; fileRef = 10975B7221A9AB0800C1F573 /* PrototypeUITests.swift */; };
		10975B8221A9B12700C1F573 /* IntroViewController.swift in Sources */ = {isa = PBXBuildFile; fileRef = 10975B8021A9B12700C1F573 /* IntroViewController.swift */; };
		10975B8321A9B12700C1F573 /* IntroViewController.xib in Resources */ = {isa = PBXBuildFile; fileRef = 10975B8121A9B12700C1F573 /* IntroViewController.xib */; };
		10975B8621A9B54200C1F573 /* MapViewController.swift in Sources */ = {isa = PBXBuildFile; fileRef = 10975B8421A9B54200C1F573 /* MapViewController.swift */; };
		10975B8721A9B54200C1F573 /* MapViewController.xib in Resources */ = {isa = PBXBuildFile; fileRef = 10975B8521A9B54200C1F573 /* MapViewController.xib */; };
		10C64431220BCD03001125A4 /* chemotherapy.mp4 in Resources */ = {isa = PBXBuildFile; fileRef = 10C64430220BCD03001125A4 /* chemotherapy.mp4 */; };
		10C64433220BCD2E001125A4 /* symptoms.mp4 in Resources */ = {isa = PBXBuildFile; fileRef = 10C64432220BCD2E001125A4 /* symptoms.mp4 */; };
		10D142F72212633B00E6B62C /* nurse.png in Resources */ = {isa = PBXBuildFile; fileRef = 10D142F32212633A00E6B62C /* nurse.png */; };
		10D142F82212633B00E6B62C /* dietician.png in Resources */ = {isa = PBXBuildFile; fileRef = 10D142F42212633A00E6B62C /* dietician.png */; };
		10D142F92212633B00E6B62C /* pt.png in Resources */ = {isa = PBXBuildFile; fileRef = 10D142F52212633A00E6B62C /* pt.png */; };
		10D142FA2212633B00E6B62C /* psych.png in Resources */ = {isa = PBXBuildFile; fileRef = 10D142F62212633B00E6B62C /* psych.png */; };
		10E5BE742210BA9B00C044EB /* Intro.mp4 in Resources */ = {isa = PBXBuildFile; fileRef = 10E5BE732210BA9B00C044EB /* Intro.mp4 */; };
		10E8675321F64F0000D1D69E /* QuizViewController.xib in Resources */ = {isa = PBXBuildFile; fileRef = 10E8675221F64F0000D1D69E /* QuizViewController.xib */; };
		10E8675E21FA8C4100D1D69E /* Question.swift in Sources */ = {isa = PBXBuildFile; fileRef = 10E8675D21FA8C4100D1D69E /* Question.swift */; };
		10E867712212649400D1D69E /* map_new.png in Resources */ = {isa = PBXBuildFile; fileRef = 10E867702212649400D1D69E /* map_new.png */; };
		B10A0A7321B2FDC8001FBA42 /* README.txt in Resources */ = {isa = PBXBuildFile; fileRef = B10A0A7221B2FDC7001FBA42 /* README.txt */; };
		B10A0A7721B31415001FBA42 /* level1.txt in Resources */ = {isa = PBXBuildFile; fileRef = B10A0A7621B31262001FBA42 /* level1.txt */; };
		B12C73D52207857000590E6B /* speechbubble_large.png in Resources */ = {isa = PBXBuildFile; fileRef = B12C73D42207856F00590E6B /* speechbubble_large.png */; };
		B17BF499220642C7007CBDED /* speechbubble_map.png in Resources */ = {isa = PBXBuildFile; fileRef = B17BF498220642C6007CBDED /* speechbubble_map.png */; };
		B187219521BC49D1007862FA /* CadeucesViewController.swift in Sources */ = {isa = PBXBuildFile; fileRef = B187219321BC49D1007862FA /* CadeucesViewController.swift */; };
		B187219621BC49D1007862FA /* CadeucesViewController.xib in Resources */ = {isa = PBXBuildFile; fileRef = B187219421BC49D1007862FA /* CadeucesViewController.xib */; };
		B187219821BC4C34007862FA /* level2.txt in Resources */ = {isa = PBXBuildFile; fileRef = B187219721BC4BEB007862FA /* level2.txt */; };
		B1AE6809220E10F900B84A8E /* NameViewController.swift in Sources */ = {isa = PBXBuildFile; fileRef = B1AE6807220E10F900B84A8E /* NameViewController.swift */; };
		B1AE680A220E10F900B84A8E /* NameViewController.xib in Resources */ = {isa = PBXBuildFile; fileRef = B1AE6808220E10F900B84A8E /* NameViewController.xib */; };
		B1DE2A0F21EEC9EB000D1614 /* levelstatus.txt in Resources */ = {isa = PBXBuildFile; fileRef = B1DE2A0E21EEC9EB000D1614 /* levelstatus.txt */; };
		C545596A220D2B1B004EDDA2 /* EndingViewController.swift in Sources */ = {isa = PBXBuildFile; fileRef = C5455968220D2B1B004EDDA2 /* EndingViewController.swift */; };
		C545596B220D2B1B004EDDA2 /* EndingViewController.xib in Resources */ = {isa = PBXBuildFile; fileRef = C5455969220D2B1B004EDDA2 /* EndingViewController.xib */; };
/* End PBXBuildFile section */

/* Begin PBXContainerItemProxy section */
		10975B6421A9AB0800C1F573 /* PBXContainerItemProxy */ = {
			isa = PBXContainerItemProxy;
			containerPortal = 10975B4721A9AB0700C1F573 /* Project object */;
			proxyType = 1;
			remoteGlobalIDString = 10975B4E21A9AB0700C1F573;
			remoteInfo = Prototype;
		};
		10975B6F21A9AB0800C1F573 /* PBXContainerItemProxy */ = {
			isa = PBXContainerItemProxy;
			containerPortal = 10975B4721A9AB0700C1F573 /* Project object */;
			proxyType = 1;
			remoteGlobalIDString = 10975B4E21A9AB0700C1F573;
			remoteInfo = Prototype;
		};
/* End PBXContainerItemProxy section */

/* Begin PBXFileReference section */
		026F896C21B3328E009C66A6 /* LevelRunner.swift */ = {isa = PBXFileReference; lastKnownFileType = sourcecode.swift; path = LevelRunner.swift; sourceTree = "<group>"; };
		100BBE7021FE51FE005A1379 /* CentralLine.mp4 */ = {isa = PBXFileReference; lastKnownFileType = file; path = CentralLine.mp4; sourceTree = "<group>"; };
		100BBE7321FE5885005A1379 /* Nurse.mp4 */ = {isa = PBXFileReference; lastKnownFileType = file; path = Nurse.mp4; sourceTree = "<group>"; };
		100BBE7421FE5886005A1379 /* radiation.mp4 */ = {isa = PBXFileReference; lastKnownFileType = file; path = radiation.mp4; sourceTree = "<group>"; };
		100BBE7621FE5888005A1379 /* cancer.mp4 */ = {isa = PBXFileReference; lastKnownFileType = file; path = cancer.mp4; sourceTree = "<group>"; };
		100BBE7721FE5889005A1379 /* Dietician.mp4 */ = {isa = PBXFileReference; lastKnownFileType = file; path = Dietician.mp4; sourceTree = "<group>"; };
		100BBE7821FE5889005A1379 /* pretransplant.mp4 */ = {isa = PBXFileReference; lastKnownFileType = file; path = pretransplant.mp4; sourceTree = "<group>"; };
		100BBE7A21FE588B005A1379 /* Psychosocial2.mp4 */ = {isa = PBXFileReference; lastKnownFileType = file; path = Psychosocial2.mp4; sourceTree = "<group>"; };
		100BBE7B21FE588C005A1379 /* Transplant.mp4 */ = {isa = PBXFileReference; lastKnownFileType = file; path = Transplant.mp4; sourceTree = "<group>"; };
		100BBE7C21FE588D005A1379 /* Childlifespecialist.mp4 */ = {isa = PBXFileReference; lastKnownFileType = file; path = Childlifespecialist.mp4; sourceTree = "<group>"; };
		100BBE7D21FE588E005A1379 /* Psychosocial3.mp4 */ = {isa = PBXFileReference; lastKnownFileType = file; path = Psychosocial3.mp4; sourceTree = "<group>"; };
		100BBE7E21FE588E005A1379 /* Physicaltherapist.mp4 */ = {isa = PBXFileReference; lastKnownFileType = file; path = Physicaltherapist.mp4; sourceTree = "<group>"; };
		100BBE7F21FE588F005A1379 /* Psychosocial1.mp4 */ = {isa = PBXFileReference; lastKnownFileType = file; path = Psychosocial1.mp4; sourceTree = "<group>"; };
		1044E5B821EBF421003EEC1A /* level4.txt */ = {isa = PBXFileReference; lastKnownFileType = text; path = level4.txt; sourceTree = "<group>"; };
		1044E5BA21EBF48E003EEC1A /* level7.txt */ = {isa = PBXFileReference; fileEncoding = 4; lastKnownFileType = text; path = level7.txt; sourceTree = "<group>"; };
		1044E5BB21EBF48E003EEC1A /* level10.txt */ = {isa = PBXFileReference; fileEncoding = 4; lastKnownFileType = text; path = level10.txt; sourceTree = "<group>"; };
		1044E5BC21EBF48E003EEC1A /* level9.txt */ = {isa = PBXFileReference; fileEncoding = 4; lastKnownFileType = text; path = level9.txt; sourceTree = "<group>"; };
		1044E5BD21EBF48E003EEC1A /* level8.txt */ = {isa = PBXFileReference; fileEncoding = 4; lastKnownFileType = text; path = level8.txt; sourceTree = "<group>"; };
		1044E5BE21EBF48E003EEC1A /* level3.txt */ = {isa = PBXFileReference; fileEncoding = 4; lastKnownFileType = text; path = level3.txt; sourceTree = "<group>"; };
		1044E5BF21EBF48E003EEC1A /* level12.txt */ = {isa = PBXFileReference; fileEncoding = 4; lastKnownFileType = text; path = level12.txt; sourceTree = "<group>"; };
		1044E5C021EBF48E003EEC1A /* level6.txt */ = {isa = PBXFileReference; fileEncoding = 4; lastKnownFileType = text; path = level6.txt; sourceTree = "<group>"; };
		1044E5C121EBF48E003EEC1A /* level5.txt */ = {isa = PBXFileReference; fileEncoding = 4; lastKnownFileType = text; path = level5.txt; sourceTree = "<group>"; };
		1044E5C221EBF48E003EEC1A /* level11.txt */ = {isa = PBXFileReference; fileEncoding = 4; lastKnownFileType = text; path = level11.txt; sourceTree = "<group>"; };
		1044E5CC21EBF5D1003EEC1A /* level14.txt */ = {isa = PBXFileReference; lastKnownFileType = text; path = level14.txt; sourceTree = "<group>"; };
		1044E5CE21EBF601003EEC1A /* level13.txt */ = {isa = PBXFileReference; lastKnownFileType = text; path = level13.txt; sourceTree = "<group>"; };
		106DA72221F5679300704477 /* QuizViewController.swift */ = {isa = PBXFileReference; lastKnownFileType = sourcecode.swift; path = QuizViewController.swift; sourceTree = "<group>"; };
		10879C6821B3063B001D7F0B /* IntroLevelViewController.swift */ = {isa = PBXFileReference; lastKnownFileType = sourcecode.swift; path = IntroLevelViewController.swift; sourceTree = "<group>"; };
		10879C6921B3063B001D7F0B /* IntroLevelViewController.xib */ = {isa = PBXFileReference; lastKnownFileType = file.xib; path = IntroLevelViewController.xib; sourceTree = "<group>"; };
		10975B4F21A9AB0700C1F573 /* Prototype.app */ = {isa = PBXFileReference; explicitFileType = wrapper.application; includeInIndex = 0; path = Prototype.app; sourceTree = BUILT_PRODUCTS_DIR; };
		10975B5221A9AB0700C1F573 /* AppDelegate.swift */ = {isa = PBXFileReference; lastKnownFileType = sourcecode.swift; path = AppDelegate.swift; sourceTree = "<group>"; };
		10975B5421A9AB0700C1F573 /* ViewController.swift */ = {isa = PBXFileReference; lastKnownFileType = sourcecode.swift; path = ViewController.swift; sourceTree = "<group>"; };
		10975B5721A9AB0700C1F573 /* Base */ = {isa = PBXFileReference; lastKnownFileType = file.storyboard; name = Base; path = Base.lproj/Main.storyboard; sourceTree = "<group>"; };
		10975B5921A9AB0800C1F573 /* Assets.xcassets */ = {isa = PBXFileReference; lastKnownFileType = folder.assetcatalog; path = Assets.xcassets; sourceTree = "<group>"; };
		10975B5C21A9AB0800C1F573 /* Base */ = {isa = PBXFileReference; lastKnownFileType = file.storyboard; name = Base; path = Base.lproj/LaunchScreen.storyboard; sourceTree = "<group>"; };
		10975B5E21A9AB0800C1F573 /* Info.plist */ = {isa = PBXFileReference; lastKnownFileType = text.plist.xml; path = Info.plist; sourceTree = "<group>"; };
		10975B6321A9AB0800C1F573 /* PrototypeTests.xctest */ = {isa = PBXFileReference; explicitFileType = wrapper.cfbundle; includeInIndex = 0; path = PrototypeTests.xctest; sourceTree = BUILT_PRODUCTS_DIR; };
		10975B6721A9AB0800C1F573 /* PrototypeTests.swift */ = {isa = PBXFileReference; lastKnownFileType = sourcecode.swift; path = PrototypeTests.swift; sourceTree = "<group>"; };
		10975B6921A9AB0800C1F573 /* Info.plist */ = {isa = PBXFileReference; lastKnownFileType = text.plist.xml; path = Info.plist; sourceTree = "<group>"; };
		10975B6E21A9AB0800C1F573 /* PrototypeUITests.xctest */ = {isa = PBXFileReference; explicitFileType = wrapper.cfbundle; includeInIndex = 0; path = PrototypeUITests.xctest; sourceTree = BUILT_PRODUCTS_DIR; };
		10975B7221A9AB0800C1F573 /* PrototypeUITests.swift */ = {isa = PBXFileReference; lastKnownFileType = sourcecode.swift; path = PrototypeUITests.swift; sourceTree = "<group>"; };
		10975B7421A9AB0800C1F573 /* Info.plist */ = {isa = PBXFileReference; lastKnownFileType = text.plist.xml; path = Info.plist; sourceTree = "<group>"; };
		10975B8021A9B12700C1F573 /* IntroViewController.swift */ = {isa = PBXFileReference; lastKnownFileType = sourcecode.swift; path = IntroViewController.swift; sourceTree = "<group>"; };
		10975B8121A9B12700C1F573 /* IntroViewController.xib */ = {isa = PBXFileReference; lastKnownFileType = file.xib; path = IntroViewController.xib; sourceTree = "<group>"; };
		10975B8421A9B54200C1F573 /* MapViewController.swift */ = {isa = PBXFileReference; lastKnownFileType = sourcecode.swift; path = MapViewController.swift; sourceTree = "<group>"; };
		10975B8521A9B54200C1F573 /* MapViewController.xib */ = {isa = PBXFileReference; lastKnownFileType = file.xib; path = MapViewController.xib; sourceTree = "<group>"; };
		10C64430220BCD03001125A4 /* chemotherapy.mp4 */ = {isa = PBXFileReference; lastKnownFileType = file; path = chemotherapy.mp4; sourceTree = "<group>"; };
		10C64432220BCD2E001125A4 /* symptoms.mp4 */ = {isa = PBXFileReference; lastKnownFileType = file; path = symptoms.mp4; sourceTree = "<group>"; };
		10D142F32212633A00E6B62C /* nurse.png */ = {isa = PBXFileReference; lastKnownFileType = image.png; path = nurse.png; sourceTree = "<group>"; };
		10D142F42212633A00E6B62C /* dietician.png */ = {isa = PBXFileReference; lastKnownFileType = image.png; path = dietician.png; sourceTree = "<group>"; };
		10D142F52212633A00E6B62C /* pt.png */ = {isa = PBXFileReference; lastKnownFileType = image.png; path = pt.png; sourceTree = "<group>"; };
		10D142F62212633B00E6B62C /* psych.png */ = {isa = PBXFileReference; lastKnownFileType = image.png; path = psych.png; sourceTree = "<group>"; };
		10E5BE732210BA9B00C044EB /* Intro.mp4 */ = {isa = PBXFileReference; lastKnownFileType = file; path = Intro.mp4; sourceTree = "<group>"; };
		10E8675221F64F0000D1D69E /* QuizViewController.xib */ = {isa = PBXFileReference; lastKnownFileType = file.xib; path = QuizViewController.xib; sourceTree = "<group>"; };
		10E8675D21FA8C4100D1D69E /* Question.swift */ = {isa = PBXFileReference; lastKnownFileType = sourcecode.swift; path = Question.swift; sourceTree = "<group>"; };
		10E867702212649400D1D69E /* map_new.png */ = {isa = PBXFileReference; lastKnownFileType = image.png; path = map_new.png; sourceTree = "<group>"; };
		B10A0A7221B2FDC7001FBA42 /* README.txt */ = {isa = PBXFileReference; fileEncoding = 4; lastKnownFileType = text; path = README.txt; sourceTree = "<group>"; };
		B10A0A7621B31262001FBA42 /* level1.txt */ = {isa = PBXFileReference; lastKnownFileType = text; path = level1.txt; sourceTree = "<group>"; };
		B12C73D42207856F00590E6B /* speechbubble_large.png */ = {isa = PBXFileReference; lastKnownFileType = image.png; path = speechbubble_large.png; sourceTree = "<group>"; };
		B17BF498220642C6007CBDED /* speechbubble_map.png */ = {isa = PBXFileReference; lastKnownFileType = image.png; path = speechbubble_map.png; sourceTree = "<group>"; };
		B187219321BC49D1007862FA /* CadeucesViewController.swift */ = {isa = PBXFileReference; lastKnownFileType = sourcecode.swift; path = CadeucesViewController.swift; sourceTree = "<group>"; };
		B187219421BC49D1007862FA /* CadeucesViewController.xib */ = {isa = PBXFileReference; lastKnownFileType = file.xib; path = CadeucesViewController.xib; sourceTree = "<group>"; };
		B187219721BC4BEB007862FA /* level2.txt */ = {isa = PBXFileReference; lastKnownFileType = text; path = level2.txt; sourceTree = "<group>"; };
		B1AE6807220E10F900B84A8E /* NameViewController.swift */ = {isa = PBXFileReference; lastKnownFileType = sourcecode.swift; path = NameViewController.swift; sourceTree = "<group>"; };
		B1AE6808220E10F900B84A8E /* NameViewController.xib */ = {isa = PBXFileReference; lastKnownFileType = file.xib; path = NameViewController.xib; sourceTree = "<group>"; };
		B1DE2A0E21EEC9EB000D1614 /* levelstatus.txt */ = {isa = PBXFileReference; fileEncoding = 4; lastKnownFileType = text; path = levelstatus.txt; sourceTree = "<group>"; };
		C5455968220D2B1B004EDDA2 /* EndingViewController.swift */ = {isa = PBXFileReference; lastKnownFileType = sourcecode.swift; path = EndingViewController.swift; sourceTree = "<group>"; };
		C5455969220D2B1B004EDDA2 /* EndingViewController.xib */ = {isa = PBXFileReference; lastKnownFileType = file.xib; path = EndingViewController.xib; sourceTree = "<group>"; };
/* End PBXFileReference section */

/* Begin PBXFrameworksBuildPhase section */
		10975B4C21A9AB0700C1F573 /* Frameworks */ = {
			isa = PBXFrameworksBuildPhase;
			buildActionMask = 2147483647;
			files = (
			);
			runOnlyForDeploymentPostprocessing = 0;
		};
		10975B6021A9AB0800C1F573 /* Frameworks */ = {
			isa = PBXFrameworksBuildPhase;
			buildActionMask = 2147483647;
			files = (
			);
			runOnlyForDeploymentPostprocessing = 0;
		};
		10975B6B21A9AB0800C1F573 /* Frameworks */ = {
			isa = PBXFrameworksBuildPhase;
			buildActionMask = 2147483647;
			files = (
			);
			runOnlyForDeploymentPostprocessing = 0;
		};
/* End PBXFrameworksBuildPhase section */

/* Begin PBXGroup section */
		027ECDE021B305D00026E34E /* Assets */ = {
			isa = PBXGroup;
			children = (
			);
			path = Assets;
			sourceTree = "<group>";
		};
		103BA2242209031600F182F5 /* Level Files */ = {
			isa = PBXGroup;
			children = (
				B10A0A7621B31262001FBA42 /* level1.txt */,
				B187219721BC4BEB007862FA /* level2.txt */,
				1044E5BE21EBF48E003EEC1A /* level3.txt */,
				1044E5B821EBF421003EEC1A /* level4.txt */,
				1044E5C121EBF48E003EEC1A /* level5.txt */,
				1044E5C021EBF48E003EEC1A /* level6.txt */,
				1044E5BA21EBF48E003EEC1A /* level7.txt */,
				1044E5BD21EBF48E003EEC1A /* level8.txt */,
				1044E5BC21EBF48E003EEC1A /* level9.txt */,
				1044E5BB21EBF48E003EEC1A /* level10.txt */,
				1044E5C221EBF48E003EEC1A /* level11.txt */,
				1044E5BF21EBF48E003EEC1A /* level12.txt */,
				1044E5CE21EBF601003EEC1A /* level13.txt */,
				1044E5CC21EBF5D1003EEC1A /* level14.txt */,
			);
			path = "Level Files";
			sourceTree = "<group>";
		};
		103BA2252209038300F182F5 /* Videos */ = {
			isa = PBXGroup;
			children = (
				10E5BE732210BA9B00C044EB /* Intro.mp4 */,
				10C64432220BCD2E001125A4 /* symptoms.mp4 */,
				10C64430220BCD03001125A4 /* chemotherapy.mp4 */,
				100BBE7621FE5888005A1379 /* cancer.mp4 */,
				100BBE7C21FE588D005A1379 /* Childlifespecialist.mp4 */,
				100BBE7721FE5889005A1379 /* Dietician.mp4 */,
				100BBE7321FE5885005A1379 /* Nurse.mp4 */,
				100BBE7E21FE588E005A1379 /* Physicaltherapist.mp4 */,
				100BBE7821FE5889005A1379 /* pretransplant.mp4 */,
				100BBE7F21FE588F005A1379 /* Psychosocial1.mp4 */,
				100BBE7A21FE588B005A1379 /* Psychosocial2.mp4 */,
				100BBE7D21FE588E005A1379 /* Psychosocial3.mp4 */,
				100BBE7421FE5886005A1379 /* radiation.mp4 */,
				100BBE7B21FE588C005A1379 /* Transplant.mp4 */,
				100BBE7021FE51FE005A1379 /* CentralLine.mp4 */,
			);
			path = Videos;
			sourceTree = "<group>";
		};
		10975B4621A9AB0700C1F573 = {
			isa = PBXGroup;
			children = (
				027ECDE021B305D00026E34E /* Assets */,
				10975B5121A9AB0700C1F573 /* Prototype */,
				10975B6621A9AB0800C1F573 /* PrototypeTests */,
				10975B7121A9AB0800C1F573 /* PrototypeUITests */,
				10975B5021A9AB0700C1F573 /* Products */,
			);
			sourceTree = "<group>";
		};
		10975B5021A9AB0700C1F573 /* Products */ = {
			isa = PBXGroup;
			children = (
				10975B4F21A9AB0700C1F573 /* Prototype.app */,
				10975B6321A9AB0800C1F573 /* PrototypeTests.xctest */,
				10975B6E21A9AB0800C1F573 /* PrototypeUITests.xctest */,
			);
			name = Products;
			sourceTree = "<group>";
		};
		10975B5121A9AB0700C1F573 /* Prototype */ = {
			isa = PBXGroup;
			children = (
				10E867702212649400D1D69E /* map_new.png */,
				10975B5221A9AB0700C1F573 /* AppDelegate.swift */,
				10975B5421A9AB0700C1F573 /* ViewController.swift */,
				10975B8021A9B12700C1F573 /* IntroViewController.swift */,
				10975B8121A9B12700C1F573 /* IntroViewController.xib */,
				10975B8421A9B54200C1F573 /* MapViewController.swift */,
				10975B8521A9B54200C1F573 /* MapViewController.xib */,
				10879C6821B3063B001D7F0B /* IntroLevelViewController.swift */,
				10879C6921B3063B001D7F0B /* IntroLevelViewController.xib */,
				B187219321BC49D1007862FA /* CadeucesViewController.swift */,
				B187219421BC49D1007862FA /* CadeucesViewController.xib */,
				B1AE6807220E10F900B84A8E /* NameViewController.swift */,
				B1AE6808220E10F900B84A8E /* NameViewController.xib */,
				10975B5621A9AB0700C1F573 /* Main.storyboard */,
				10975B5921A9AB0800C1F573 /* Assets.xcassets */,
				10D142F42212633A00E6B62C /* dietician.png */,
				10D142F32212633A00E6B62C /* nurse.png */,
				10D142F62212633B00E6B62C /* psych.png */,
				10D142F52212633A00E6B62C /* pt.png */,
				10975B5B21A9AB0800C1F573 /* LaunchScreen.storyboard */,
				10975B5E21A9AB0800C1F573 /* Info.plist */,
				B10A0A7221B2FDC7001FBA42 /* README.txt */,
				103BA2242209031600F182F5 /* Level Files */,
				B1DE2A0E21EEC9EB000D1614 /* levelstatus.txt */,
				026F896C21B3328E009C66A6 /* LevelRunner.swift */,
				106DA72221F5679300704477 /* QuizViewController.swift */,
				10E8675221F64F0000D1D69E /* QuizViewController.xib */,
				10E8675D21FA8C4100D1D69E /* Question.swift */,
				103BA2252209038300F182F5 /* Videos */,
				B17BF498220642C6007CBDED /* speechbubble_map.png */,
				B12C73D42207856F00590E6B /* speechbubble_large.png */,
				C5455968220D2B1B004EDDA2 /* EndingViewController.swift */,
				C5455969220D2B1B004EDDA2 /* EndingViewController.xib */,
			);
			path = Prototype;
			sourceTree = "<group>";
		};
		10975B6621A9AB0800C1F573 /* PrototypeTests */ = {
			isa = PBXGroup;
			children = (
				10975B6721A9AB0800C1F573 /* PrototypeTests.swift */,
				10975B6921A9AB0800C1F573 /* Info.plist */,
			);
			path = PrototypeTests;
			sourceTree = "<group>";
		};
		10975B7121A9AB0800C1F573 /* PrototypeUITests */ = {
			isa = PBXGroup;
			children = (
				10975B7221A9AB0800C1F573 /* PrototypeUITests.swift */,
				10975B7421A9AB0800C1F573 /* Info.plist */,
			);
			path = PrototypeUITests;
			sourceTree = "<group>";
		};
/* End PBXGroup section */

/* Begin PBXNativeTarget section */
		10975B4E21A9AB0700C1F573 /* Prototype */ = {
			isa = PBXNativeTarget;
			buildConfigurationList = 10975B7721A9AB0800C1F573 /* Build configuration list for PBXNativeTarget "Prototype" */;
			buildPhases = (
				10975B4B21A9AB0700C1F573 /* Sources */,
				10975B4C21A9AB0700C1F573 /* Frameworks */,
				10975B4D21A9AB0700C1F573 /* Resources */,
			);
			buildRules = (
			);
			dependencies = (
			);
			name = Prototype;
			productName = Prototype;
			productReference = 10975B4F21A9AB0700C1F573 /* Prototype.app */;
			productType = "com.apple.product-type.application";
		};
		10975B6221A9AB0800C1F573 /* PrototypeTests */ = {
			isa = PBXNativeTarget;
			buildConfigurationList = 10975B7A21A9AB0800C1F573 /* Build configuration list for PBXNativeTarget "PrototypeTests" */;
			buildPhases = (
				10975B5F21A9AB0800C1F573 /* Sources */,
				10975B6021A9AB0800C1F573 /* Frameworks */,
				10975B6121A9AB0800C1F573 /* Resources */,
			);
			buildRules = (
			);
			dependencies = (
				10975B6521A9AB0800C1F573 /* PBXTargetDependency */,
			);
			name = PrototypeTests;
			productName = PrototypeTests;
			productReference = 10975B6321A9AB0800C1F573 /* PrototypeTests.xctest */;
			productType = "com.apple.product-type.bundle.unit-test";
		};
		10975B6D21A9AB0800C1F573 /* PrototypeUITests */ = {
			isa = PBXNativeTarget;
			buildConfigurationList = 10975B7D21A9AB0800C1F573 /* Build configuration list for PBXNativeTarget "PrototypeUITests" */;
			buildPhases = (
				10975B6A21A9AB0800C1F573 /* Sources */,
				10975B6B21A9AB0800C1F573 /* Frameworks */,
				10975B6C21A9AB0800C1F573 /* Resources */,
			);
			buildRules = (
			);
			dependencies = (
				10975B7021A9AB0800C1F573 /* PBXTargetDependency */,
			);
			name = PrototypeUITests;
			productName = PrototypeUITests;
			productReference = 10975B6E21A9AB0800C1F573 /* PrototypeUITests.xctest */;
			productType = "com.apple.product-type.bundle.ui-testing";
		};
/* End PBXNativeTarget section */

/* Begin PBXProject section */
		10975B4721A9AB0700C1F573 /* Project object */ = {
			isa = PBXProject;
			attributes = {
				LastSwiftUpdateCheck = 1010;
				LastUpgradeCheck = 1010;
				ORGANIZATIONNAME = "Alex Yearley";
				TargetAttributes = {
					10975B4E21A9AB0700C1F573 = {
						CreatedOnToolsVersion = 10.1;
						LastSwiftMigration = 1010;
					};
					10975B6221A9AB0800C1F573 = {
						CreatedOnToolsVersion = 10.1;
						TestTargetID = 10975B4E21A9AB0700C1F573;
					};
					10975B6D21A9AB0800C1F573 = {
						CreatedOnToolsVersion = 10.1;
						TestTargetID = 10975B4E21A9AB0700C1F573;
					};
				};
			};
			buildConfigurationList = 10975B4A21A9AB0700C1F573 /* Build configuration list for PBXProject "Prototype" */;
			compatibilityVersion = "Xcode 9.3";
			developmentRegion = en;
			hasScannedForEncodings = 0;
			knownRegions = (
				en,
				Base,
			);
			mainGroup = 10975B4621A9AB0700C1F573;
			productRefGroup = 10975B5021A9AB0700C1F573 /* Products */;
			projectDirPath = "";
			projectRoot = "";
			targets = (
				10975B4E21A9AB0700C1F573 /* Prototype */,
				10975B6221A9AB0800C1F573 /* PrototypeTests */,
				10975B6D21A9AB0800C1F573 /* PrototypeUITests */,
			);
		};
/* End PBXProject section */

/* Begin PBXResourcesBuildPhase section */
		10975B4D21A9AB0700C1F573 /* Resources */ = {
			isa = PBXResourcesBuildPhase;
			buildActionMask = 2147483647;
			files = (
				B1AE680A220E10F900B84A8E /* NameViewController.xib in Resources */,
				B187219821BC4C34007862FA /* level2.txt in Resources */,
				100BBE8421FE588F005A1379 /* cancer.mp4 in Resources */,
				B10A0A7721B31415001FBA42 /* level1.txt in Resources */,
				10879C6B21B3063B001D7F0B /* IntroLevelViewController.xib in Resources */,
				1044E5C321EBF48E003EEC1A /* level7.txt in Resources */,
				10975B5D21A9AB0800C1F573 /* LaunchScreen.storyboard in Resources */,
				100BBE8C21FE588F005A1379 /* Physicaltherapist.mp4 in Resources */,
				10E8675321F64F0000D1D69E /* QuizViewController.xib in Resources */,
				B12C73D52207857000590E6B /* speechbubble_large.png in Resources */,
				1044E5CD21EBF5D1003EEC1A /* level14.txt in Resources */,
				1044E5CA21EBF48E003EEC1A /* level5.txt in Resources */,
				C545596B220D2B1B004EDDA2 /* EndingViewController.xib in Resources */,
				10E867712212649400D1D69E /* map_new.png in Resources */,
				100BBE8621FE588F005A1379 /* pretransplant.mp4 in Resources */,
				10C64431220BCD03001125A4 /* chemotherapy.mp4 in Resources */,
				100BBE8921FE588F005A1379 /* Transplant.mp4 in Resources */,
				10975B5A21A9AB0800C1F573 /* Assets.xcassets in Resources */,
				10D142F72212633B00E6B62C /* nurse.png in Resources */,
				1044E5C921EBF48E003EEC1A /* level6.txt in Resources */,
				B1DE2A0F21EEC9EB000D1614 /* levelstatus.txt in Resources */,
				100BBE8D21FE588F005A1379 /* Psychosocial1.mp4 in Resources */,
				100BBE8121FE588F005A1379 /* Nurse.mp4 in Resources */,
				B187219621BC49D1007862FA /* CadeucesViewController.xib in Resources */,
				10E5BE742210BA9B00C044EB /* Intro.mp4 in Resources */,
				1044E5C621EBF48E003EEC1A /* level8.txt in Resources */,
				1044E5CF21EBF601003EEC1A /* level13.txt in Resources */,
				100BBE8B21FE588F005A1379 /* Psychosocial3.mp4 in Resources */,
				100BBE8221FE588F005A1379 /* radiation.mp4 in Resources */,
				1044E5B921EBF421003EEC1A /* level4.txt in Resources */,
				10975B5821A9AB0700C1F573 /* Main.storyboard in Resources */,
				100BBE8521FE588F005A1379 /* Dietician.mp4 in Resources */,
				10C64433220BCD2E001125A4 /* symptoms.mp4 in Resources */,
				10D142F92212633B00E6B62C /* pt.png in Resources */,
				1044E5CB21EBF48E003EEC1A /* level11.txt in Resources */,
				10D142FA2212633B00E6B62C /* psych.png in Resources */,
				100BBE7121FE51FE005A1379 /* CentralLine.mp4 in Resources */,
				1044E5C521EBF48E003EEC1A /* level9.txt in Resources */,
				1044E5C421EBF48E003EEC1A /* level10.txt in Resources */,
				B17BF499220642C7007CBDED /* speechbubble_map.png in Resources */,
				10975B8721A9B54200C1F573 /* MapViewController.xib in Resources */,
				B10A0A7321B2FDC8001FBA42 /* README.txt in Resources */,
				10D142F82212633B00E6B62C /* dietician.png in Resources */,
				100BBE8821FE588F005A1379 /* Psychosocial2.mp4 in Resources */,
				1044E5C721EBF48E003EEC1A /* level3.txt in Resources */,
				1044E5C821EBF48E003EEC1A /* level12.txt in Resources */,
				100BBE8A21FE588F005A1379 /* Childlifespecialist.mp4 in Resources */,
				10975B8321A9B12700C1F573 /* IntroViewController.xib in Resources */,
			);
			runOnlyForDeploymentPostprocessing = 0;
		};
		10975B6121A9AB0800C1F573 /* Resources */ = {
			isa = PBXResourcesBuildPhase;
			buildActionMask = 2147483647;
			files = (
			);
			runOnlyForDeploymentPostprocessing = 0;
		};
		10975B6C21A9AB0800C1F573 /* Resources */ = {
			isa = PBXResourcesBuildPhase;
			buildActionMask = 2147483647;
			files = (
			);
			runOnlyForDeploymentPostprocessing = 0;
		};
/* End PBXResourcesBuildPhase section */

/* Begin PBXSourcesBuildPhase section */
		10975B4B21A9AB0700C1F573 /* Sources */ = {
			isa = PBXSourcesBuildPhase;
			buildActionMask = 2147483647;
			files = (
				10975B8221A9B12700C1F573 /* IntroViewController.swift in Sources */,
				10975B5521A9AB0700C1F573 /* ViewController.swift in Sources */,
				026F896D21B3328E009C66A6 /* LevelRunner.swift in Sources */,
				106DA72321F5679300704477 /* QuizViewController.swift in Sources */,
				10879C6A21B3063B001D7F0B /* IntroLevelViewController.swift in Sources */,
				C545596A220D2B1B004EDDA2 /* EndingViewController.swift in Sources */,
				B1AE6809220E10F900B84A8E /* NameViewController.swift in Sources */,
				10E8675E21FA8C4100D1D69E /* Question.swift in Sources */,
				B187219521BC49D1007862FA /* CadeucesViewController.swift in Sources */,
				10975B5321A9AB0700C1F573 /* AppDelegate.swift in Sources */,
				10975B8621A9B54200C1F573 /* MapViewController.swift in Sources */,
			);
			runOnlyForDeploymentPostprocessing = 0;
		};
		10975B5F21A9AB0800C1F573 /* Sources */ = {
			isa = PBXSourcesBuildPhase;
			buildActionMask = 2147483647;
			files = (
				10975B6821A9AB0800C1F573 /* PrototypeTests.swift in Sources */,
			);
			runOnlyForDeploymentPostprocessing = 0;
		};
		10975B6A21A9AB0800C1F573 /* Sources */ = {
			isa = PBXSourcesBuildPhase;
			buildActionMask = 2147483647;
			files = (
				10975B7321A9AB0800C1F573 /* PrototypeUITests.swift in Sources */,
			);
			runOnlyForDeploymentPostprocessing = 0;
		};
/* End PBXSourcesBuildPhase section */

/* Begin PBXTargetDependency section */
		10975B6521A9AB0800C1F573 /* PBXTargetDependency */ = {
			isa = PBXTargetDependency;
			target = 10975B4E21A9AB0700C1F573 /* Prototype */;
			targetProxy = 10975B6421A9AB0800C1F573 /* PBXContainerItemProxy */;
		};
		10975B7021A9AB0800C1F573 /* PBXTargetDependency */ = {
			isa = PBXTargetDependency;
			target = 10975B4E21A9AB0700C1F573 /* Prototype */;
			targetProxy = 10975B6F21A9AB0800C1F573 /* PBXContainerItemProxy */;
		};
/* End PBXTargetDependency section */

/* Begin PBXVariantGroup section */
		10975B5621A9AB0700C1F573 /* Main.storyboard */ = {
			isa = PBXVariantGroup;
			children = (
				10975B5721A9AB0700C1F573 /* Base */,
			);
			name = Main.storyboard;
			sourceTree = "<group>";
		};
		10975B5B21A9AB0800C1F573 /* LaunchScreen.storyboard */ = {
			isa = PBXVariantGroup;
			children = (
				10975B5C21A9AB0800C1F573 /* Base */,
			);
			name = LaunchScreen.storyboard;
			sourceTree = "<group>";
		};
/* End PBXVariantGroup section */

/* Begin XCBuildConfiguration section */
		10975B7521A9AB0800C1F573 /* Debug */ = {
			isa = XCBuildConfiguration;
			buildSettings = {
				ALWAYS_SEARCH_USER_PATHS = NO;
				CLANG_ANALYZER_NONNULL = YES;
				CLANG_ANALYZER_NUMBER_OBJECT_CONVERSION = YES_AGGRESSIVE;
				CLANG_CXX_LANGUAGE_STANDARD = "gnu++14";
				CLANG_CXX_LIBRARY = "libc++";
				CLANG_ENABLE_MODULES = YES;
				CLANG_ENABLE_OBJC_ARC = YES;
				CLANG_ENABLE_OBJC_WEAK = YES;
				CLANG_WARN_BLOCK_CAPTURE_AUTORELEASING = YES;
				CLANG_WARN_BOOL_CONVERSION = YES;
				CLANG_WARN_COMMA = YES;
				CLANG_WARN_CONSTANT_CONVERSION = YES;
				CLANG_WARN_DEPRECATED_OBJC_IMPLEMENTATIONS = YES;
				CLANG_WARN_DIRECT_OBJC_ISA_USAGE = YES_ERROR;
				CLANG_WARN_DOCUMENTATION_COMMENTS = YES;
				CLANG_WARN_EMPTY_BODY = YES;
				CLANG_WARN_ENUM_CONVERSION = YES;
				CLANG_WARN_INFINITE_RECURSION = YES;
				CLANG_WARN_INT_CONVERSION = YES;
				CLANG_WARN_NON_LITERAL_NULL_CONVERSION = YES;
				CLANG_WARN_OBJC_IMPLICIT_RETAIN_SELF = YES;
				CLANG_WARN_OBJC_LITERAL_CONVERSION = YES;
				CLANG_WARN_OBJC_ROOT_CLASS = YES_ERROR;
				CLANG_WARN_RANGE_LOOP_ANALYSIS = YES;
				CLANG_WARN_STRICT_PROTOTYPES = YES;
				CLANG_WARN_SUSPICIOUS_MOVE = YES;
				CLANG_WARN_UNGUARDED_AVAILABILITY = YES_AGGRESSIVE;
				CLANG_WARN_UNREACHABLE_CODE = YES;
				CLANG_WARN__DUPLICATE_METHOD_MATCH = YES;
				CODE_SIGN_IDENTITY = "iPhone Developer";
				COPY_PHASE_STRIP = NO;
				DEBUG_INFORMATION_FORMAT = dwarf;
				ENABLE_STRICT_OBJC_MSGSEND = YES;
				ENABLE_TESTABILITY = YES;
				GCC_C_LANGUAGE_STANDARD = gnu11;
				GCC_DYNAMIC_NO_PIC = NO;
				GCC_NO_COMMON_BLOCKS = YES;
				GCC_OPTIMIZATION_LEVEL = 0;
				GCC_PREPROCESSOR_DEFINITIONS = (
					"DEBUG=1",
					"$(inherited)",
				);
				GCC_WARN_64_TO_32_BIT_CONVERSION = YES;
				GCC_WARN_ABOUT_RETURN_TYPE = YES_ERROR;
				GCC_WARN_UNDECLARED_SELECTOR = YES;
				GCC_WARN_UNINITIALIZED_AUTOS = YES_AGGRESSIVE;
				GCC_WARN_UNUSED_FUNCTION = YES;
				GCC_WARN_UNUSED_VARIABLE = YES;
				IPHONEOS_DEPLOYMENT_TARGET = 12.1;
				MTL_ENABLE_DEBUG_INFO = INCLUDE_SOURCE;
				MTL_FAST_MATH = YES;
				ONLY_ACTIVE_ARCH = YES;
				SDKROOT = iphoneos;
				SWIFT_ACTIVE_COMPILATION_CONDITIONS = DEBUG;
				SWIFT_OPTIMIZATION_LEVEL = "-Onone";
			};
			name = Debug;
		};
		10975B7621A9AB0800C1F573 /* Release */ = {
			isa = XCBuildConfiguration;
			buildSettings = {
				ALWAYS_SEARCH_USER_PATHS = NO;
				CLANG_ANALYZER_NONNULL = YES;
				CLANG_ANALYZER_NUMBER_OBJECT_CONVERSION = YES_AGGRESSIVE;
				CLANG_CXX_LANGUAGE_STANDARD = "gnu++14";
				CLANG_CXX_LIBRARY = "libc++";
				CLANG_ENABLE_MODULES = YES;
				CLANG_ENABLE_OBJC_ARC = YES;
				CLANG_ENABLE_OBJC_WEAK = YES;
				CLANG_WARN_BLOCK_CAPTURE_AUTORELEASING = YES;
				CLANG_WARN_BOOL_CONVERSION = YES;
				CLANG_WARN_COMMA = YES;
				CLANG_WARN_CONSTANT_CONVERSION = YES;
				CLANG_WARN_DEPRECATED_OBJC_IMPLEMENTATIONS = YES;
				CLANG_WARN_DIRECT_OBJC_ISA_USAGE = YES_ERROR;
				CLANG_WARN_DOCUMENTATION_COMMENTS = YES;
				CLANG_WARN_EMPTY_BODY = YES;
				CLANG_WARN_ENUM_CONVERSION = YES;
				CLANG_WARN_INFINITE_RECURSION = YES;
				CLANG_WARN_INT_CONVERSION = YES;
				CLANG_WARN_NON_LITERAL_NULL_CONVERSION = YES;
				CLANG_WARN_OBJC_IMPLICIT_RETAIN_SELF = YES;
				CLANG_WARN_OBJC_LITERAL_CONVERSION = YES;
				CLANG_WARN_OBJC_ROOT_CLASS = YES_ERROR;
				CLANG_WARN_RANGE_LOOP_ANALYSIS = YES;
				CLANG_WARN_STRICT_PROTOTYPES = YES;
				CLANG_WARN_SUSPICIOUS_MOVE = YES;
				CLANG_WARN_UNGUARDED_AVAILABILITY = YES_AGGRESSIVE;
				CLANG_WARN_UNREACHABLE_CODE = YES;
				CLANG_WARN__DUPLICATE_METHOD_MATCH = YES;
				CODE_SIGN_IDENTITY = "iPhone Developer";
				COPY_PHASE_STRIP = NO;
				DEBUG_INFORMATION_FORMAT = "dwarf-with-dsym";
				ENABLE_NS_ASSERTIONS = NO;
				ENABLE_STRICT_OBJC_MSGSEND = YES;
				GCC_C_LANGUAGE_STANDARD = gnu11;
				GCC_NO_COMMON_BLOCKS = YES;
				GCC_WARN_64_TO_32_BIT_CONVERSION = YES;
				GCC_WARN_ABOUT_RETURN_TYPE = YES_ERROR;
				GCC_WARN_UNDECLARED_SELECTOR = YES;
				GCC_WARN_UNINITIALIZED_AUTOS = YES_AGGRESSIVE;
				GCC_WARN_UNUSED_FUNCTION = YES;
				GCC_WARN_UNUSED_VARIABLE = YES;
				IPHONEOS_DEPLOYMENT_TARGET = 12.1;
				MTL_ENABLE_DEBUG_INFO = NO;
				MTL_FAST_MATH = YES;
				SDKROOT = iphoneos;
				SWIFT_COMPILATION_MODE = wholemodule;
				SWIFT_OPTIMIZATION_LEVEL = "-O";
				VALIDATE_PRODUCT = YES;
			};
			name = Release;
		};
		10975B7821A9AB0800C1F573 /* Debug */ = {
			isa = XCBuildConfiguration;
			buildSettings = {
				ASSETCATALOG_COMPILER_APPICON_NAME = AppIcon;
				CLANG_ENABLE_MODULES = YES;
				CODE_SIGN_STYLE = Automatic;
				DEVELOPMENT_TEAM = 73NL2BF857;
				INFOPLIST_FILE = Prototype/Info.plist;
				LD_RUNPATH_SEARCH_PATHS = (
					"$(inherited)",
					"@executable_path/Frameworks",
				);
				PRODUCT_BUNDLE_IDENTIFIER = QuestED.Prototype;
				PRODUCT_NAME = "$(TARGET_NAME)";
				SWIFT_OPTIMIZATION_LEVEL = "-Onone";
				SWIFT_VERSION = 4.2;
				TARGETED_DEVICE_FAMILY = "1,2";
			};
			name = Debug;
		};
		10975B7921A9AB0800C1F573 /* Release */ = {
			isa = XCBuildConfiguration;
			buildSettings = {
				ASSETCATALOG_COMPILER_APPICON_NAME = AppIcon;
				CLANG_ENABLE_MODULES = YES;
				CODE_SIGN_STYLE = Automatic;
				DEVELOPMENT_TEAM = 73NL2BF857;
				INFOPLIST_FILE = Prototype/Info.plist;
				LD_RUNPATH_SEARCH_PATHS = (
					"$(inherited)",
					"@executable_path/Frameworks",
				);
				PRODUCT_BUNDLE_IDENTIFIER = QuestED.Prototype;
				PRODUCT_NAME = "$(TARGET_NAME)";
				SWIFT_VERSION = 4.2;
				TARGETED_DEVICE_FAMILY = "1,2";
			};
			name = Release;
		};
		10975B7B21A9AB0800C1F573 /* Debug */ = {
			isa = XCBuildConfiguration;
			buildSettings = {
				ALWAYS_EMBED_SWIFT_STANDARD_LIBRARIES = YES;
				BUNDLE_LOADER = "$(TEST_HOST)";
				CODE_SIGN_STYLE = Automatic;
				DEVELOPMENT_TEAM = 73NL2BF857;
				INFOPLIST_FILE = PrototypeTests/Info.plist;
				LD_RUNPATH_SEARCH_PATHS = (
					"$(inherited)",
					"@executable_path/Frameworks",
					"@loader_path/Frameworks",
				);
				PRODUCT_BUNDLE_IDENTIFIER = QuestED.PrototypeTests;
				PRODUCT_NAME = "$(TARGET_NAME)";
				SWIFT_VERSION = 4.2;
				TARGETED_DEVICE_FAMILY = "1,2";
				TEST_HOST = "$(BUILT_PRODUCTS_DIR)/Prototype.app/Prototype";
			};
			name = Debug;
		};
		10975B7C21A9AB0800C1F573 /* Release */ = {
			isa = XCBuildConfiguration;
			buildSettings = {
				ALWAYS_EMBED_SWIFT_STANDARD_LIBRARIES = YES;
				BUNDLE_LOADER = "$(TEST_HOST)";
				CODE_SIGN_STYLE = Automatic;
				DEVELOPMENT_TEAM = 73NL2BF857;
				INFOPLIST_FILE = PrototypeTests/Info.plist;
				LD_RUNPATH_SEARCH_PATHS = (
					"$(inherited)",
					"@executable_path/Frameworks",
					"@loader_path/Frameworks",
				);
				PRODUCT_BUNDLE_IDENTIFIER = QuestED.PrototypeTests;
				PRODUCT_NAME = "$(TARGET_NAME)";
				SWIFT_VERSION = 4.2;
				TARGETED_DEVICE_FAMILY = "1,2";
				TEST_HOST = "$(BUILT_PRODUCTS_DIR)/Prototype.app/Prototype";
			};
			name = Release;
		};
		10975B7E21A9AB0800C1F573 /* Debug */ = {
			isa = XCBuildConfiguration;
			buildSettings = {
				ALWAYS_EMBED_SWIFT_STANDARD_LIBRARIES = YES;
				CODE_SIGN_STYLE = Automatic;
				DEVELOPMENT_TEAM = 73NL2BF857;
				INFOPLIST_FILE = PrototypeUITests/Info.plist;
				LD_RUNPATH_SEARCH_PATHS = (
					"$(inherited)",
					"@executable_path/Frameworks",
					"@loader_path/Frameworks",
				);
				PRODUCT_BUNDLE_IDENTIFIER = QuestED.PrototypeUITests;
				PRODUCT_NAME = "$(TARGET_NAME)";
				SWIFT_VERSION = 4.2;
				TARGETED_DEVICE_FAMILY = "1,2";
				TEST_TARGET_NAME = Prototype;
			};
			name = Debug;
		};
		10975B7F21A9AB0800C1F573 /* Release */ = {
			isa = XCBuildConfiguration;
			buildSettings = {
				ALWAYS_EMBED_SWIFT_STANDARD_LIBRARIES = YES;
				CODE_SIGN_STYLE = Automatic;
				DEVELOPMENT_TEAM = 73NL2BF857;
				INFOPLIST_FILE = PrototypeUITests/Info.plist;
				LD_RUNPATH_SEARCH_PATHS = (
					"$(inherited)",
					"@executable_path/Frameworks",
					"@loader_path/Frameworks",
				);
				PRODUCT_BUNDLE_IDENTIFIER = QuestED.PrototypeUITests;
				PRODUCT_NAME = "$(TARGET_NAME)";
				SWIFT_VERSION = 4.2;
				TARGETED_DEVICE_FAMILY = "1,2";
				TEST_TARGET_NAME = Prototype;
			};
			name = Release;
		};
/* End XCBuildConfiguration section */

/* Begin XCConfigurationList section */
		10975B4A21A9AB0700C1F573 /* Build configuration list for PBXProject "Prototype" */ = {
			isa = XCConfigurationList;
			buildConfigurations = (
				10975B7521A9AB0800C1F573 /* Debug */,
				10975B7621A9AB0800C1F573 /* Release */,
			);
			defaultConfigurationIsVisible = 0;
			defaultConfigurationName = Release;
		};
		10975B7721A9AB0800C1F573 /* Build configuration list for PBXNativeTarget "Prototype" */ = {
			isa = XCConfigurationList;
			buildConfigurations = (
				10975B7821A9AB0800C1F573 /* Debug */,
				10975B7921A9AB0800C1F573 /* Release */,
			);
			defaultConfigurationIsVisible = 0;
			defaultConfigurationName = Release;
		};
		10975B7A21A9AB0800C1F573 /* Build configuration list for PBXNativeTarget "PrototypeTests" */ = {
			isa = XCConfigurationList;
			buildConfigurations = (
				10975B7B21A9AB0800C1F573 /* Debug */,
				10975B7C21A9AB0800C1F573 /* Release */,
			);
			defaultConfigurationIsVisible = 0;
			defaultConfigurationName = Release;
		};
		10975B7D21A9AB0800C1F573 /* Build configuration list for PBXNativeTarget "PrototypeUITests" */ = {
			isa = XCConfigurationList;
			buildConfigurations = (
				10975B7E21A9AB0800C1F573 /* Debug */,
				10975B7F21A9AB0800C1F573 /* Release */,
			);
			defaultConfigurationIsVisible = 0;
			defaultConfigurationName = Release;
		};
/* End XCConfigurationList section */
	};
	rootObject = 10975B4721A9AB0700C1F573 /* Project object */;
}
